
Microsoft Visual Studio Solution File, Format Version 12.00
# Visual Studio 15
VisualStudioVersion = 15.0.27703.2035
MinimumVisualStudioVersion = 10.0.40219.1
Project("{FAE04EC0-301F-11D3-BF4B-00C04F79EFBC}") = "PooVueling", "PooVueling\PooVueling.csproj", "{FC595DAB-A50C-4EFB-AD45-262E25D9879C}"
EndProject
Project("{FAE04EC0-301F-11D3-BF4B-00C04F79EFBC}") = "PooVueling.Integration.Tests", "PooVueling.Integration.Tests\PooVueling.Integration.Tests.csproj", "{6D26A657-DD96-47C3-B09F-7FCF1091BFF6}"
EndProject
Project("{FAE04EC0-301F-11D3-BF4B-00C04F79EFBC}") = "PooVueling.Unit.Tests", "PooVueling.Unit.Tests\PooVueling.Unit.Tests.csproj", "{2580977F-4D51-4C1C-8FF1-7CFDFD0C9A37}"
EndProject
Global
	GlobalSection(SolutionConfigurationPlatforms) = preSolution
		Debug|Any CPU = Debug|Any CPU
		Release|Any CPU = Release|Any CPU
	EndGlobalSection
	GlobalSection(ProjectConfigurationPlatforms) = postSolution
		{FC595DAB-A50C-4EFB-AD45-262E25D9879C}.Debug|Any CPU.ActiveCfg = Release|Any CPU
		{FC595DAB-A50C-4EFB-AD45-262E25D9879C}.Debug|Any CPU.Build.0 = Release|Any CPU
		{FC595DAB-A50C-4EFB-AD45-262E25D9879C}.Release|Any CPU.ActiveCfg = Release|Any CPU
		{FC595DAB-A50C-4EFB-AD45-262E25D9879C}.Release|Any CPU.Build.0 = Release|Any CPU
		{6D26A657-DD96-47C3-B09F-7FCF1091BFF6}.Debug|Any CPU.ActiveCfg = Debug|Any CPU
		{6D26A657-DD96-47C3-B09F-7FCF1091BFF6}.Debug|Any CPU.Build.0 = Debug|Any CPU
		{6D26A657-DD96-47C3-B09F-7FCF1091BFF6}.Release|Any CPU.ActiveCfg = Release|Any CPU
		{6D26A657-DD96-47C3-B09F-7FCF1091BFF6}.Release|Any CPU.Build.0 = Release|Any CPU
		{2580977F-4D51-4C1C-8FF1-7CFDFD0C9A37}.Debug|Any CPU.ActiveCfg = Debug|Any CPU
		{2580977F-4D51-4C1C-8FF1-7CFDFD0C9A37}.Debug|Any CPU.Build.0 = Debug|Any CPU
		{2580977F-4D51-4C1C-8FF1-7CFDFD0C9A37}.Release|Any CPU.ActiveCfg = Release|Any CPU
		{2580977F-4D51-4C1C-8FF1-7CFDFD0C9A37}.Release|Any CPU.Build.0 = Release|Any CPU
	EndGlobalSection
	GlobalSection(SolutionProperties) = preSolution
		HideSolutionNode = FALSE
	EndGlobalSection
	GlobalSection(ExtensibilityGlobals) = postSolution
		SolutionGuid = {FD63E2C3-FF5E-44E7-B349-64E450B70B4A}
	EndGlobalSection
EndGlobal
